// !$*UTF8*$!
{
	archiveVersion = 1;
	classes = {
	};
	objectVersion = 77;
	objects = {

/* Begin PBXBuildFile section */
		4BC98D032D9F939100DC0CDD /* ViewInspector in Frameworks */ = {isa = PBXBuildFile; productRef = 4BC98D022D9F939100DC0CDD /* ViewInspector */; };
		4BC98D062D9F942E00DC0CDD /* InlineSnapshotTesting in Frameworks */ = {isa = PBXBuildFile; productRef = 4BC98D052D9F942E00DC0CDD /* InlineSnapshotTesting */; };
		4BC98D082D9F942E00DC0CDD /* SnapshotTesting in Frameworks */ = {isa = PBXBuildFile; productRef = 4BC98D072D9F942E00DC0CDD /* SnapshotTesting */; };
		4BC98D0A2D9F942E00DC0CDD /* SnapshotTestingCustomDump in Frameworks */ = {isa = PBXBuildFile; productRef = 4BC98D092D9F942E00DC0CDD /* SnapshotTestingCustomDump */; };
/* End PBXBuildFile section */

/* Begin PBXContainerItemProxy section */
		4BC98CA42D9F28E000DC0CDD /* PBXContainerItemProxy */ = {
			isa = PBXContainerItemProxy;
			containerPortal = 4BC98C882D9F28DF00DC0CDD /* Project object */;
			proxyType = 1;
			remoteGlobalIDString = 4BC98C8F2D9F28DF00DC0CDD;
			remoteInfo = "SwiftUI-Grid";
		};
		4BC98CAE2D9F28E000DC0CDD /* PBXContainerItemProxy */ = {
			isa = PBXContainerItemProxy;
			containerPortal = 4BC98C882D9F28DF00DC0CDD /* Project object */;
			proxyType = 1;
			remoteGlobalIDString = 4BC98C8F2D9F28DF00DC0CDD;
			remoteInfo = "SwiftUI-Grid";
		};
/* End PBXContainerItemProxy section */

/* Begin PBXFileReference section */
		4BC98C902D9F28DF00DC0CDD /* SwiftUI-Grid.app */ = {isa = PBXFileReference; explicitFileType = wrapper.application; includeInIndex = 0; path = "SwiftUI-Grid.app"; sourceTree = BUILT_PRODUCTS_DIR; };
		4BC98CA32D9F28E000DC0CDD /* SwiftUI-GridTests.xctest */ = {isa = PBXFileReference; explicitFileType = wrapper.cfbundle; includeInIndex = 0; path = "SwiftUI-GridTests.xctest"; sourceTree = BUILT_PRODUCTS_DIR; };
		4BC98CAD2D9F28E000DC0CDD /* SwiftUI-GridUITests.xctest */ = {isa = PBXFileReference; explicitFileType = wrapper.cfbundle; includeInIndex = 0; path = "SwiftUI-GridUITests.xctest"; sourceTree = BUILT_PRODUCTS_DIR; };
/* End PBXFileReference section */

/* Begin PBXFileSystemSynchronizedRootGroup section */
		4BC98C922D9F28DF00DC0CDD /* SwiftUI-Grid */ = {
			isa = PBXFileSystemSynchronizedRootGroup;
			path = "SwiftUI-Grid";
			sourceTree = "<group>";
		};
		4BC98CA62D9F28E000DC0CDD /* SwiftUI-GridTests */ = {
			isa = PBXFileSystemSynchronizedRootGroup;
			path = "SwiftUI-GridTests";
			sourceTree = "<group>";
		};
		4BC98CB02D9F28E000DC0CDD /* SwiftUI-GridUITests */ = {
			isa = PBXFileSystemSynchronizedRootGroup;
			path = "SwiftUI-GridUITests";
			sourceTree = "<group>";
		};
/* End PBXFileSystemSynchronizedRootGroup section */

/* Begin PBXFrameworksBuildPhase section */
		4BC98C8D2D9F28DF00DC0CDD /* Frameworks */ = {
			isa = PBXFrameworksBuildPhase;
			buildActionMask = 2147483647;
			files = (
			);
			runOnlyForDeploymentPostprocessing = 0;
		};
		4BC98CA02D9F28E000DC0CDD /* Frameworks */ = {
			isa = PBXFrameworksBuildPhase;
			buildActionMask = 2147483647;
			files = (
			);
			runOnlyForDeploymentPostprocessing = 0;
		};
		4BC98CAA2D9F28E000DC0CDD /* Frameworks */ = {
			isa = PBXFrameworksBuildPhase;
			buildActionMask = 2147483647;
			files = (
				4BC98D0A2D9F942E00DC0CDD /* SnapshotTestingCustomDump in Frameworks */,
				4BC98D082D9F942E00DC0CDD /* SnapshotTesting in Frameworks */,
				4BC98D062D9F942E00DC0CDD /* InlineSnapshotTesting in Frameworks */,
				4BC98D032D9F939100DC0CDD /* ViewInspector in Frameworks */,
			);
			runOnlyForDeploymentPostprocessing = 0;
		};
/* End PBXFrameworksBuildPhase section */

/* Begin PBXGroup section */
		4BC98C872D9F28DF00DC0CDD = {
			isa = PBXGroup;
			children = (
				4BC98C922D9F28DF00DC0CDD /* SwiftUI-Grid */,
				4BC98CA62D9F28E000DC0CDD /* SwiftUI-GridTests */,
				4BC98CB02D9F28E000DC0CDD /* SwiftUI-GridUITests */,
				4BC98C912D9F28DF00DC0CDD /* Products */,
			);
			sourceTree = "<group>";
		};
		4BC98C912D9F28DF00DC0CDD /* Products */ = {
			isa = PBXGroup;
			children = (
				4BC98C902D9F28DF00DC0CDD /* SwiftUI-Grid.app */,
				4BC98CA32D9F28E000DC0CDD /* SwiftUI-GridTests.xctest */,
				4BC98CAD2D9F28E000DC0CDD /* SwiftUI-GridUITests.xctest */,
			);
			name = Products;
			sourceTree = "<group>";
		};
/* End PBXGroup section */

/* Begin PBXNativeTarget section */
		4BC98C8F2D9F28DF00DC0CDD /* SwiftUI-Grid */ = {
			isa = PBXNativeTarget;
			buildConfigurationList = 4BC98CB72D9F28E000DC0CDD /* Build configuration list for PBXNativeTarget "SwiftUI-Grid" */;
			buildPhases = (
				4BC98C8C2D9F28DF00DC0CDD /* Sources */,
				4BC98C8D2D9F28DF00DC0CDD /* Frameworks */,
				4BC98C8E2D9F28DF00DC0CDD /* Resources */,
			);
			buildRules = (
			);
			dependencies = (
			);
			fileSystemSynchronizedGroups = (
				4BC98C922D9F28DF00DC0CDD /* SwiftUI-Grid */,
			);
			name = "SwiftUI-Grid";
			packageProductDependencies = (
			);
			productName = "SwiftUI-Grid";
			productReference = 4BC98C902D9F28DF00DC0CDD /* SwiftUI-Grid.app */;
			productType = "com.apple.product-type.application";
		};
		4BC98CA22D9F28E000DC0CDD /* SwiftUI-GridTests */ = {
			isa = PBXNativeTarget;
			buildConfigurationList = 4BC98CBA2D9F28E000DC0CDD /* Build configuration list for PBXNativeTarget "SwiftUI-GridTests" */;
			buildPhases = (
				4BC98C9F2D9F28E000DC0CDD /* Sources */,
				4BC98CA02D9F28E000DC0CDD /* Frameworks */,
				4BC98CA12D9F28E000DC0CDD /* Resources */,
			);
			buildRules = (
			);
			dependencies = (
				4BC98CA52D9F28E000DC0CDD /* PBXTargetDependency */,
			);
			fileSystemSynchronizedGroups = (
				4BC98CA62D9F28E000DC0CDD /* SwiftUI-GridTests */,
			);
			name = "SwiftUI-GridTests";
			packageProductDependencies = (
			);
			productName = "SwiftUI-GridTests";
			productReference = 4BC98CA32D9F28E000DC0CDD /* SwiftUI-GridTests.xctest */;
			productType = "com.apple.product-type.bundle.unit-test";
		};
		4BC98CAC2D9F28E000DC0CDD /* SwiftUI-GridUITests */ = {
			isa = PBXNativeTarget;
			buildConfigurationList = 4BC98CBD2D9F28E000DC0CDD /* Build configuration list for PBXNativeTarget "SwiftUI-GridUITests" */;
			buildPhases = (
				4BC98CA92D9F28E000DC0CDD /* Sources */,
				4BC98CAA2D9F28E000DC0CDD /* Frameworks */,
				4BC98CAB2D9F28E000DC0CDD /* Resources */,
			);
			buildRules = (
			);
			dependencies = (
				4BC98CAF2D9F28E000DC0CDD /* PBXTargetDependency */,
			);
			fileSystemSynchronizedGroups = (
				4BC98CB02D9F28E000DC0CDD /* SwiftUI-GridUITests */,
			);
			name = "SwiftUI-GridUITests";
			packageProductDependencies = (
				4BC98D022D9F939100DC0CDD /* ViewInspector */,
				4BC98D052D9F942E00DC0CDD /* InlineSnapshotTesting */,
				4BC98D072D9F942E00DC0CDD /* SnapshotTesting */,
				4BC98D092D9F942E00DC0CDD /* SnapshotTestingCustomDump */,
			);
			productName = "SwiftUI-GridUITests";
			productReference = 4BC98CAD2D9F28E000DC0CDD /* SwiftUI-GridUITests.xctest */;
			productType = "com.apple.product-type.bundle.ui-testing";
		};
/* End PBXNativeTarget section */

/* Begin PBXProject section */
		4BC98C882D9F28DF00DC0CDD /* Project object */ = {
			isa = PBXProject;
			attributes = {
				BuildIndependentTargetsInParallel = 1;
				LastSwiftUpdateCheck = 1620;
				LastUpgradeCheck = 1620;
				TargetAttributes = {
					4BC98C8F2D9F28DF00DC0CDD = {
						CreatedOnToolsVersion = 16.2;
					};
					4BC98CA22D9F28E000DC0CDD = {
						CreatedOnToolsVersion = 16.2;
						TestTargetID = 4BC98C8F2D9F28DF00DC0CDD;
					};
					4BC98CAC2D9F28E000DC0CDD = {
						CreatedOnToolsVersion = 16.2;
						TestTargetID = 4BC98C8F2D9F28DF00DC0CDD;
					};
				};
			};
			buildConfigurationList = 4BC98C8B2D9F28DF00DC0CDD /* Build configuration list for PBXProject "SwiftUI-Grid" */;
			developmentRegion = en;
			hasScannedForEncodings = 0;
			knownRegions = (
				en,
				Base,
			);
			mainGroup = 4BC98C872D9F28DF00DC0CDD;
			minimizedProjectReferenceProxies = 1;
			packageReferences = (
				4BC98D012D9F939100DC0CDD /* XCRemoteSwiftPackageReference "ViewInspector" */,
				4BC98D042D9F942E00DC0CDD /* XCRemoteSwiftPackageReference "swift-snapshot-testing" */,
			);
			preferredProjectObjectVersion = 77;
			productRefGroup = 4BC98C912D9F28DF00DC0CDD /* Products */;
			projectDirPath = "";
			projectRoot = "";
			targets = (
				4BC98C8F2D9F28DF00DC0CDD /* SwiftUI-Grid */,
				4BC98CA22D9F28E000DC0CDD /* SwiftUI-GridTests */,
				4BC98CAC2D9F28E000DC0CDD /* SwiftUI-GridUITests */,
			);
		};
/* End PBXProject section */

/* Begin PBXResourcesBuildPhase section */
		4BC98C8E2D9F28DF00DC0CDD /* Resources */ = {
			isa = PBXResourcesBuildPhase;
			buildActionMask = 2147483647;
			files = (
			);
			runOnlyForDeploymentPostprocessing = 0;
		};
		4BC98CA12D9F28E000DC0CDD /* Resources */ = {
			isa = PBXResourcesBuildPhase;
			buildActionMask = 2147483647;
			files = (
			);
			runOnlyForDeploymentPostprocessing = 0;
		};
		4BC98CAB2D9F28E000DC0CDD /* Resources */ = {
			isa = PBXResourcesBuildPhase;
			buildActionMask = 2147483647;
			files = (
			);
			runOnlyForDeploymentPostprocessing = 0;
		};
/* End PBXResourcesBuildPhase section */

/* Begin PBXSourcesBuildPhase section */
		4BC98C8C2D9F28DF00DC0CDD /* Sources */ = {
			isa = PBXSourcesBuildPhase;
			buildActionMask = 2147483647;
			files = (
			);
			runOnlyForDeploymentPostprocessing = 0;
		};
		4BC98C9F2D9F28E000DC0CDD /* Sources */ = {
			isa = PBXSourcesBuildPhase;
			buildActionMask = 2147483647;
			files = (
			);
			runOnlyForDeploymentPostprocessing = 0;
		};
		4BC98CA92D9F28E000DC0CDD /* Sources */ = {
			isa = PBXSourcesBuildPhase;
			buildActionMask = 2147483647;
			files = (
			);
			runOnlyForDeploymentPostprocessing = 0;
		};
/* End PBXSourcesBuildPhase section */

/* Begin PBXTargetDependency section */
		4BC98CA52D9F28E000DC0CDD /* PBXTargetDependency */ = {
			isa = PBXTargetDependency;
			target = 4BC98C8F2D9F28DF00DC0CDD /* SwiftUI-Grid */;
			targetProxy = 4BC98CA42D9F28E000DC0CDD /* PBXContainerItemProxy */;
		};
		4BC98CAF2D9F28E000DC0CDD /* PBXTargetDependency */ = {
			isa = PBXTargetDependency;
			target = 4BC98C8F2D9F28DF00DC0CDD /* SwiftUI-Grid */;
			targetProxy = 4BC98CAE2D9F28E000DC0CDD /* PBXContainerItemProxy */;
		};
/* End PBXTargetDependency section */

/* Begin XCBuildConfiguration section */
		4BC98CB52D9F28E000DC0CDD /* Debug */ = {
			isa = XCBuildConfiguration;
			buildSettings = {
				ALWAYS_SEARCH_USER_PATHS = NO;
				ASSETCATALOG_COMPILER_GENERATE_SWIFT_ASSET_SYMBOL_EXTENSIONS = YES;
				CLANG_ANALYZER_NONNULL = YES;
				CLANG_ANALYZER_NUMBER_OBJECT_CONVERSION = YES_AGGRESSIVE;
				CLANG_CXX_LANGUAGE_STANDARD = "gnu++20";
				CLANG_ENABLE_MODULES = YES;
				CLANG_ENABLE_OBJC_ARC = YES;
				CLANG_ENABLE_OBJC_WEAK = YES;
				CLANG_WARN_BLOCK_CAPTURE_AUTORELEASING = YES;
				CLANG_WARN_BOOL_CONVERSION = YES;
				CLANG_WARN_COMMA = YES;
				CLANG_WARN_CONSTANT_CONVERSION = YES;
				CLANG_WARN_DEPRECATED_OBJC_IMPLEMENTATIONS = YES;
				CLANG_WARN_DIRECT_OBJC_ISA_USAGE = YES_ERROR;
				CLANG_WARN_DOCUMENTATION_COMMENTS = YES;
				CLANG_WARN_EMPTY_BODY = YES;
				CLANG_WARN_ENUM_CONVERSION = YES;
				CLANG_WARN_INFINITE_RECURSION = YES;
				CLANG_WARN_INT_CONVERSION = YES;
				CLANG_WARN_NON_LITERAL_NULL_CONVERSION = YES;
				CLANG_WARN_OBJC_IMPLICIT_RETAIN_SELF = YES;
				CLANG_WARN_OBJC_LITERAL_CONVERSION = YES;
				CLANG_WARN_OBJC_ROOT_CLASS = YES_ERROR;
				CLANG_WARN_QUOTED_INCLUDE_IN_FRAMEWORK_HEADER = YES;
				CLANG_WARN_RANGE_LOOP_ANALYSIS = YES;
				CLANG_WARN_STRICT_PROTOTYPES = YES;
				CLANG_WARN_SUSPICIOUS_MOVE = YES;
				CLANG_WARN_UNGUARDED_AVAILABILITY = YES_AGGRESSIVE;
				CLANG_WARN_UNREACHABLE_CODE = YES;
				CLANG_WARN__DUPLICATE_METHOD_MATCH = YES;
				COPY_PHASE_STRIP = NO;
				DEBUG_INFORMATION_FORMAT = dwarf;
				ENABLE_STRICT_OBJC_MSGSEND = YES;
				ENABLE_TESTABILITY = YES;
				ENABLE_USER_SCRIPT_SANDBOXING = YES;
				GCC_C_LANGUAGE_STANDARD = gnu17;
				GCC_DYNAMIC_NO_PIC = NO;
				GCC_NO_COMMON_BLOCKS = YES;
				GCC_OPTIMIZATION_LEVEL = 0;
				GCC_PREPROCESSOR_DEFINITIONS = (
					"DEBUG=1",
					"$(inherited)",
				);
				GCC_WARN_64_TO_32_BIT_CONVERSION = YES;
				GCC_WARN_ABOUT_RETURN_TYPE = YES_ERROR;
				GCC_WARN_UNDECLARED_SELECTOR = YES;
				GCC_WARN_UNINITIALIZED_AUTOS = YES_AGGRESSIVE;
				GCC_WARN_UNUSED_FUNCTION = YES;
				GCC_WARN_UNUSED_VARIABLE = YES;
				LOCALIZATION_PREFERS_STRING_CATALOGS = YES;
				MTL_ENABLE_DEBUG_INFO = INCLUDE_SOURCE;
				MTL_FAST_MATH = YES;
				ONLY_ACTIVE_ARCH = YES;
				SWIFT_ACTIVE_COMPILATION_CONDITIONS = "DEBUG $(inherited)";
				SWIFT_OPTIMIZATION_LEVEL = "-Onone";
			};
			name = Debug;
		};
		4BC98CB62D9F28E000DC0CDD /* Release */ = {
			isa = XCBuildConfiguration;
			buildSettings = {
				ALWAYS_SEARCH_USER_PATHS = NO;
				ASSETCATALOG_COMPILER_GENERATE_SWIFT_ASSET_SYMBOL_EXTENSIONS = YES;
				CLANG_ANALYZER_NONNULL = YES;
				CLANG_ANALYZER_NUMBER_OBJECT_CONVERSION = YES_AGGRESSIVE;
				CLANG_CXX_LANGUAGE_STANDARD = "gnu++20";
				CLANG_ENABLE_MODULES = YES;
				CLANG_ENABLE_OBJC_ARC = YES;
				CLANG_ENABLE_OBJC_WEAK = YES;
				CLANG_WARN_BLOCK_CAPTURE_AUTORELEASING = YES;
				CLANG_WARN_BOOL_CONVERSION = YES;
				CLANG_WARN_COMMA = YES;
				CLANG_WARN_CONSTANT_CONVERSION = YES;
				CLANG_WARN_DEPRECATED_OBJC_IMPLEMENTATIONS = YES;
				CLANG_WARN_DIRECT_OBJC_ISA_USAGE = YES_ERROR;
				CLANG_WARN_DOCUMENTATION_COMMENTS = YES;
				CLANG_WARN_EMPTY_BODY = YES;
				CLANG_WARN_ENUM_CONVERSION = YES;
				CLANG_WARN_INFINITE_RECURSION = YES;
				CLANG_WARN_INT_CONVERSION = YES;
				CLANG_WARN_NON_LITERAL_NULL_CONVERSION = YES;
				CLANG_WARN_OBJC_IMPLICIT_RETAIN_SELF = YES;
				CLANG_WARN_OBJC_LITERAL_CONVERSION = YES;
				CLANG_WARN_OBJC_ROOT_CLASS = YES_ERROR;
				CLANG_WARN_QUOTED_INCLUDE_IN_FRAMEWORK_HEADER = YES;
				CLANG_WARN_RANGE_LOOP_ANALYSIS = YES;
				CLANG_WARN_STRICT_PROTOTYPES = YES;
				CLANG_WARN_SUSPICIOUS_MOVE = YES;
				CLANG_WARN_UNGUARDED_AVAILABILITY = YES_AGGRESSIVE;
				CLANG_WARN_UNREACHABLE_CODE = YES;
				CLANG_WARN__DUPLICATE_METHOD_MATCH = YES;
				COPY_PHASE_STRIP = NO;
				DEBUG_INFORMATION_FORMAT = "dwarf-with-dsym";
				ENABLE_NS_ASSERTIONS = NO;
				ENABLE_STRICT_OBJC_MSGSEND = YES;
				ENABLE_USER_SCRIPT_SANDBOXING = YES;
				GCC_C_LANGUAGE_STANDARD = gnu17;
				GCC_NO_COMMON_BLOCKS = YES;
				GCC_WARN_64_TO_32_BIT_CONVERSION = YES;
				GCC_WARN_ABOUT_RETURN_TYPE = YES_ERROR;
				GCC_WARN_UNDECLARED_SELECTOR = YES;
				GCC_WARN_UNINITIALIZED_AUTOS = YES_AGGRESSIVE;
				GCC_WARN_UNUSED_FUNCTION = YES;
				GCC_WARN_UNUSED_VARIABLE = YES;
				LOCALIZATION_PREFERS_STRING_CATALOGS = YES;
				MTL_ENABLE_DEBUG_INFO = NO;
				MTL_FAST_MATH = YES;
				SWIFT_COMPILATION_MODE = wholemodule;
			};
			name = Release;
		};
		4BC98CB82D9F28E000DC0CDD /* Debug */ = {
			isa = XCBuildConfiguration;
			buildSettings = {
				ASSETCATALOG_COMPILER_APPICON_NAME = AppIcon;
				ASSETCATALOG_COMPILER_GLOBAL_ACCENT_COLOR_NAME = AccentColor;
				CODE_SIGN_ENTITLEMENTS = "SwiftUI-Grid/SwiftUI_Grid.entitlements";
				CODE_SIGN_STYLE = Automatic;
				CURRENT_PROJECT_VERSION = 1;
				DEVELOPMENT_ASSET_PATHS = "\"SwiftUI-Grid/Preview Content\"";
				ENABLE_PREVIEWS = YES;
				GENERATE_INFOPLIST_FILE = YES;
				"INFOPLIST_KEY_UIApplicationSceneManifest_Generation[sdk=iphoneos*]" = YES;
				"INFOPLIST_KEY_UIApplicationSceneManifest_Generation[sdk=iphonesimulator*]" = YES;
				"INFOPLIST_KEY_UIApplicationSupportsIndirectInputEvents[sdk=iphoneos*]" = YES;
				"INFOPLIST_KEY_UIApplicationSupportsIndirectInputEvents[sdk=iphonesimulator*]" = YES;
				"INFOPLIST_KEY_UILaunchScreen_Generation[sdk=iphoneos*]" = YES;
				"INFOPLIST_KEY_UILaunchScreen_Generation[sdk=iphonesimulator*]" = YES;
				"INFOPLIST_KEY_UIStatusBarStyle[sdk=iphoneos*]" = UIStatusBarStyleDefault;
				"INFOPLIST_KEY_UIStatusBarStyle[sdk=iphonesimulator*]" = UIStatusBarStyleDefault;
				INFOPLIST_KEY_UISupportedInterfaceOrientations_iPad = "UIInterfaceOrientationPortrait UIInterfaceOrientationPortraitUpsideDown UIInterfaceOrientationLandscapeLeft UIInterfaceOrientationLandscapeRight";
				INFOPLIST_KEY_UISupportedInterfaceOrientations_iPhone = "UIInterfaceOrientationPortrait UIInterfaceOrientationLandscapeLeft UIInterfaceOrientationLandscapeRight";
				IPHONEOS_DEPLOYMENT_TARGET = 18.2;
				LD_RUNPATH_SEARCH_PATHS = "@executable_path/Frameworks";
				"LD_RUNPATH_SEARCH_PATHS[sdk=macosx*]" = "@executable_path/../Frameworks";
				MACOSX_DEPLOYMENT_TARGET = 14.0;
				MARKETING_VERSION = 1.0;
				PRODUCT_BUNDLE_IDENTIFIER = "com.dev.SwiftUI-Grid";
				PRODUCT_NAME = "$(TARGET_NAME)";
				SDKROOT = auto;
				SUPPORTED_PLATFORMS = "iphoneos iphonesimulator macosx xros xrsimulator";
				SWIFT_EMIT_LOC_STRINGS = YES;
				SWIFT_VERSION = 5.0;
				TARGETED_DEVICE_FAMILY = "1,2,7";
				XROS_DEPLOYMENT_TARGET = 2.2;
			};
			name = Debug;
		};
		4BC98CB92D9F28E000DC0CDD /* Release */ = {
			isa = XCBuildConfiguration;
			buildSettings = {
				ASSETCATALOG_COMPILER_APPICON_NAME = AppIcon;
				ASSETCATALOG_COMPILER_GLOBAL_ACCENT_COLOR_NAME = AccentColor;
				CODE_SIGN_ENTITLEMENTS = "SwiftUI-Grid/SwiftUI_Grid.entitlements";
				CODE_SIGN_STYLE = Automatic;
				CURRENT_PROJECT_VERSION = 1;
				DEVELOPMENT_ASSET_PATHS = "\"SwiftUI-Grid/Preview Content\"";
				ENABLE_PREVIEWS = YES;
				GENERATE_INFOPLIST_FILE = YES;
				"INFOPLIST_KEY_UIApplicationSceneManifest_Generation[sdk=iphoneos*]" = YES;
				"INFOPLIST_KEY_UIApplicationSceneManifest_Generation[sdk=iphonesimulator*]" = YES;
				"INFOPLIST_KEY_UIApplicationSupportsIndirectInputEvents[sdk=iphoneos*]" = YES;
				"INFOPLIST_KEY_UIApplicationSupportsIndirectInputEvents[sdk=iphonesimulator*]" = YES;
				"INFOPLIST_KEY_UILaunchScreen_Generation[sdk=iphoneos*]" = YES;
				"INFOPLIST_KEY_UILaunchScreen_Generation[sdk=iphonesimulator*]" = YES;
				"INFOPLIST_KEY_UIStatusBarStyle[sdk=iphoneos*]" = UIStatusBarStyleDefault;
				"INFOPLIST_KEY_UIStatusBarStyle[sdk=iphonesimulator*]" = UIStatusBarStyleDefault;
				INFOPLIST_KEY_UISupportedInterfaceOrientations_iPad = "UIInterfaceOrientationPortrait UIInterfaceOrientationPortraitUpsideDown UIInterfaceOrientationLandscapeLeft UIInterfaceOrientationLandscapeRight";
				INFOPLIST_KEY_UISupportedInterfaceOrientations_iPhone = "UIInterfaceOrientationPortrait UIInterfaceOrientationLandscapeLeft UIInterfaceOrientationLandscapeRight";
				IPHONEOS_DEPLOYMENT_TARGET = 18.2;
				LD_RUNPATH_SEARCH_PATHS = "@executable_path/Frameworks";
				"LD_RUNPATH_SEARCH_PATHS[sdk=macosx*]" = "@executable_path/../Frameworks";
				MACOSX_DEPLOYMENT_TARGET = 14.0;
				MARKETING_VERSION = 1.0;
				PRODUCT_BUNDLE_IDENTIFIER = "com.dev.SwiftUI-Grid";
				PRODUCT_NAME = "$(TARGET_NAME)";
				SDKROOT = auto;
				SUPPORTED_PLATFORMS = "iphoneos iphonesimulator macosx xros xrsimulator";
				SWIFT_EMIT_LOC_STRINGS = YES;
				SWIFT_VERSION = 5.0;
				TARGETED_DEVICE_FAMILY = "1,2,7";
				XROS_DEPLOYMENT_TARGET = 2.2;
			};
			name = Release;
		};
		4BC98CBB2D9F28E000DC0CDD /* Debug */ = {
			isa = XCBuildConfiguration;
			buildSettings = {
				BUNDLE_LOADER = "$(TEST_HOST)";
				CODE_SIGN_STYLE = Automatic;
				CURRENT_PROJECT_VERSION = 1;
				GENERATE_INFOPLIST_FILE = YES;
				IPHONEOS_DEPLOYMENT_TARGET = 18.2;
				MACOSX_DEPLOYMENT_TARGET = 15.0;
				MARKETING_VERSION = 1.0;
				PRODUCT_BUNDLE_IDENTIFIER = "com.dev.SwiftUI-GridTests";
				PRODUCT_NAME = "$(TARGET_NAME)";
				SDKROOT = auto;
				SUPPORTED_PLATFORMS = "iphoneos iphonesimulator macosx xros xrsimulator";
				SWIFT_EMIT_LOC_STRINGS = NO;
				SWIFT_VERSION = 5.0;
				TARGETED_DEVICE_FAMILY = "1,2,7";
				TEST_HOST = "$(BUILT_PRODUCTS_DIR)/SwiftUI-Grid.app/$(BUNDLE_EXECUTABLE_FOLDER_PATH)/SwiftUI-Grid";
				XROS_DEPLOYMENT_TARGET = 2.2;
			};
			name = Debug;
		};
		4BC98CBC2D9F28E000DC0CDD /* Release */ = {
			isa = XCBuildConfiguration;
			buildSettings = {
				BUNDLE_LOADER = "$(TEST_HOST)";
				CODE_SIGN_STYLE = Automatic;
				CURRENT_PROJECT_VERSION = 1;
				GENERATE_INFOPLIST_FILE = YES;
				IPHONEOS_DEPLOYMENT_TARGET = 18.2;
				MACOSX_DEPLOYMENT_TARGET = 15.0;
				MARKETING_VERSION = 1.0;
				PRODUCT_BUNDLE_IDENTIFIER = "com.dev.SwiftUI-GridTests";
				PRODUCT_NAME = "$(TARGET_NAME)";
				SDKROOT = auto;
				SUPPORTED_PLATFORMS = "iphoneos iphonesimulator macosx xros xrsimulator";
				SWIFT_EMIT_LOC_STRINGS = NO;
				SWIFT_VERSION = 5.0;
				TARGETED_DEVICE_FAMILY = "1,2,7";
				TEST_HOST = "$(BUILT_PRODUCTS_DIR)/SwiftUI-Grid.app/$(BUNDLE_EXECUTABLE_FOLDER_PATH)/SwiftUI-Grid";
				XROS_DEPLOYMENT_TARGET = 2.2;
			};
			name = Release;
		};
		4BC98CBE2D9F28E000DC0CDD /* Debug */ = {
			isa = XCBuildConfiguration;
			buildSettings = {
				CODE_SIGN_STYLE = Automatic;
				CURRENT_PROJECT_VERSION = 1;
				GENERATE_INFOPLIST_FILE = YES;
				IPHONEOS_DEPLOYMENT_TARGET = 18.2;
				MACOSX_DEPLOYMENT_TARGET = 15.0;
				MARKETING_VERSION = 1.0;
				PRODUCT_BUNDLE_IDENTIFIER = "com.dev.SwiftUI-GridUITests";
				PRODUCT_NAME = "$(TARGET_NAME)";
				SDKROOT = auto;
				SUPPORTED_PLATFORMS = "iphoneos iphonesimulator macosx xros xrsimulator";
				SWIFT_EMIT_LOC_STRINGS = NO;
				SWIFT_VERSION = 5.0;
				TARGETED_DEVICE_FAMILY = "1,2,7";
				TEST_TARGET_NAME = "SwiftUI-Grid";
				XROS_DEPLOYMENT_TARGET = 2.2;
			};
			name = Debug;
		};
		4BC98CBF2D9F28E000DC0CDD /* Release */ = {
			isa = XCBuildConfiguration;
			buildSettings = {
				CODE_SIGN_STYLE = Automatic;
				CURRENT_PROJECT_VERSION = 1;
				GENERATE_INFOPLIST_FILE = YES;
				IPHONEOS_DEPLOYMENT_TARGET = 18.2;
				MACOSX_DEPLOYMENT_TARGET = 15.0;
				MARKETING_VERSION = 1.0;
				PRODUCT_BUNDLE_IDENTIFIER = "com.dev.SwiftUI-GridUITests";
				PRODUCT_NAME = "$(TARGET_NAME)";
				SDKROOT = auto;
				SUPPORTED_PLATFORMS = "iphoneos iphonesimulator macosx xros xrsimulator";
				SWIFT_EMIT_LOC_STRINGS = NO;
				SWIFT_VERSION = 5.0;
				TARGETED_DEVICE_FAMILY = "1,2,7";
				TEST_TARGET_NAME = "SwiftUI-Grid";
				XROS_DEPLOYMENT_TARGET = 2.2;
			};
			name = Release;
		};
/* End XCBuildConfiguration section */

/* Begin XCConfigurationList section */
		4BC98C8B2D9F28DF00DC0CDD /* Build configuration list for PBXProject "SwiftUI-Grid" */ = {
			isa = XCConfigurationList;
			buildConfigurations = (
				4BC98CB52D9F28E000DC0CDD /* Debug */,
				4BC98CB62D9F28E000DC0CDD /* Release */,
			);
			defaultConfigurationIsVisible = 0;
			defaultConfigurationName = Release;
		};
		4BC98CB72D9F28E000DC0CDD /* Build configuration list for PBXNativeTarget "SwiftUI-Grid" */ = {
			isa = XCConfigurationList;
			buildConfigurations = (
				4BC98CB82D9F28E000DC0CDD /* Debug */,
				4BC98CB92D9F28E000DC0CDD /* Release */,
			);
			defaultConfigurationIsVisible = 0;
			defaultConfigurationName = Release;
		};
		4BC98CBA2D9F28E000DC0CDD /* Build configuration list for PBXNativeTarget "SwiftUI-GridTests" */ = {
			isa = XCConfigurationList;
			buildConfigurations = (
				4BC98CBB2D9F28E000DC0CDD /* Debug */,
				4BC98CBC2D9F28E000DC0CDD /* Release */,
			);
			defaultConfigurationIsVisible = 0;
			defaultConfigurationName = Release;
		};
		4BC98CBD2D9F28E000DC0CDD /* Build configuration list for PBXNativeTarget "SwiftUI-GridUITests" */ = {
			isa = XCConfigurationList;
			buildConfigurations = (
				4BC98CBE2D9F28E000DC0CDD /* Debug */,
				4BC98CBF2D9F28E000DC0CDD /* Release */,
			);
			defaultConfigurationIsVisible = 0;
			defaultConfigurationName = Release;
		};
/* End XCConfigurationList section */

/* Begin XCRemoteSwiftPackageReference section */
		4BC98D012D9F939100DC0CDD /* XCRemoteSwiftPackageReference "ViewInspector" */ = {
			isa = XCRemoteSwiftPackageReference;
			repositoryURL = "https://github.com/nalexn/ViewInspector";
			requirement = {
				kind = upToNextMajorVersion;
				minimumVersion = 0.10.1;
			};
		};
		4BC98D042D9F942E00DC0CDD /* XCRemoteSwiftPackageReference "swift-snapshot-testing" */ = {
			isa = XCRemoteSwiftPackageReference;
			repositoryURL = "https://github.com/pointfreeco/swift-snapshot-testing";
			requirement = {
				kind = upToNextMajorVersion;
				minimumVersion = 1.18.3;
			};
		};
/* End XCRemoteSwiftPackageReference section */

/* Begin XCSwiftPackageProductDependency section */
		4BC98D022D9F939100DC0CDD /* ViewInspector */ = {
			isa = XCSwiftPackageProductDependency;
			package = 4BC98D012D9F939100DC0CDD /* XCRemoteSwiftPackageReference "ViewInspector" */;
			productName = ViewInspector;
		};
		4BC98D052D9F942E00DC0CDD /* InlineSnapshotTesting */ = {
			isa = XCSwiftPackageProductDependency;
			package = 4BC98D042D9F942E00DC0CDD /* XCRemoteSwiftPackageReference "swift-snapshot-testing" */;
			productName = InlineSnapshotTesting;
		};
		4BC98D072D9F942E00DC0CDD /* SnapshotTesting */ = {
			isa = XCSwiftPackageProductDependency;
			package = 4BC98D042D9F942E00DC0CDD /* XCRemoteSwiftPackageReference "swift-snapshot-testing" */;
			productName = SnapshotTesting;
		};
		4BC98D092D9F942E00DC0CDD /* SnapshotTestingCustomDump */ = {
			isa = XCSwiftPackageProductDependency;
			package = 4BC98D042D9F942E00DC0CDD /* XCRemoteSwiftPackageReference "swift-snapshot-testing" */;
			productName = SnapshotTestingCustomDump;
		};
/* End XCSwiftPackageProductDependency section */
	};
	rootObject = 4BC98C882D9F28DF00DC0CDD /* Project object */;
}
